// !$*UTF8*$!
{
	archiveVersion = 1;
	classes = {
	};
	objectVersion = 55;
	objects = {

/* Begin PBXBuildFile section */
		66E5FA922890A765007C6866 /* photojournalApp.swift in Sources */ = {isa = PBXBuildFile; fileRef = 66E5FA912890A765007C6866 /* photojournalApp.swift */; };
		66E5FA942890A765007C6866 /* ContentView.swift in Sources */ = {isa = PBXBuildFile; fileRef = 66E5FA932890A765007C6866 /* ContentView.swift */; };
		66E5FA962890A766007C6866 /* Assets.xcassets in Resources */ = {isa = PBXBuildFile; fileRef = 66E5FA952890A766007C6866 /* Assets.xcassets */; };
		66E5FA992890A766007C6866 /* Preview Assets.xcassets in Resources */ = {isa = PBXBuildFile; fileRef = 66E5FA982890A766007C6866 /* Preview Assets.xcassets */; };
		66E5FAAC28932BD3007C6866 /* photojournalModels.xcdatamodeld in Sources */ = {isa = PBXBuildFile; fileRef = 66E5FAAA28932BD2007C6866 /* photojournalModels.xcdatamodeld */; };
		66E5FAAE2893361C007C6866 /* DataController.swift in Sources */ = {isa = PBXBuildFile; fileRef = 66E5FAAD2893361C007C6866 /* DataController.swift */; };
		66E5FAB128933FA9007C6866 /* AddEntryView.swift in Sources */ = {isa = PBXBuildFile; fileRef = 66E5FAB028933FA9007C6866 /* AddEntryView.swift */; };
		66E5FAB3289344B3007C6866 /* PhotoPickerModel.swift in Sources */ = {isa = PBXBuildFile; fileRef = 66E5FAB2289344B3007C6866 /* PhotoPickerModel.swift */; };
		66E5FAB5289344EB007C6866 /* PhotoPicker.swift in Sources */ = {isa = PBXBuildFile; fileRef = 66E5FAB4289344EB007C6866 /* PhotoPicker.swift */; };
		66E5FAB7289439CA007C6866 /* EntryListView.swift in Sources */ = {isa = PBXBuildFile; fileRef = 66E5FAB6289439CA007C6866 /* EntryListView.swift */; };
		66E5FAB928943F17007C6866 /* SingleEntryView.swift in Sources */ = {isa = PBXBuildFile; fileRef = 66E5FAB828943F17007C6866 /* SingleEntryView.swift */; };
		66E5FABB28943F29007C6866 /* EntryRowView.swift in Sources */ = {isa = PBXBuildFile; fileRef = 66E5FABA28943F29007C6866 /* EntryRowView.swift */; };
/* End PBXBuildFile section */

/* Begin PBXFileReference section */
		66E5FA8E2890A765007C6866 /* photojournal.app */ = {isa = PBXFileReference; explicitFileType = wrapper.application; includeInIndex = 0; path = photojournal.app; sourceTree = BUILT_PRODUCTS_DIR; };
		66E5FA912890A765007C6866 /* photojournalApp.swift */ = {isa = PBXFileReference; lastKnownFileType = sourcecode.swift; path = photojournalApp.swift; sourceTree = "<group>"; };
		66E5FA932890A765007C6866 /* ContentView.swift */ = {isa = PBXFileReference; lastKnownFileType = sourcecode.swift; path = ContentView.swift; sourceTree = "<group>"; };
		66E5FA952890A766007C6866 /* Assets.xcassets */ = {isa = PBXFileReference; lastKnownFileType = folder.assetcatalog; path = Assets.xcassets; sourceTree = "<group>"; };
		66E5FA982890A766007C6866 /* Preview Assets.xcassets */ = {isa = PBXFileReference; lastKnownFileType = folder.assetcatalog; path = "Preview Assets.xcassets"; sourceTree = "<group>"; };
		66E5FAAB28932BD3007C6866 /* photojournalModels.xcdatamodel */ = {isa = PBXFileReference; lastKnownFileType = wrapper.xcdatamodel; path = photojournalModels.xcdatamodel; sourceTree = "<group>"; };
		66E5FAAD2893361C007C6866 /* DataController.swift */ = {isa = PBXFileReference; lastKnownFileType = sourcecode.swift; path = DataController.swift; sourceTree = "<group>"; };
		66E5FAB028933FA9007C6866 /* AddEntryView.swift */ = {isa = PBXFileReference; lastKnownFileType = sourcecode.swift; path = AddEntryView.swift; sourceTree = "<group>"; };
		66E5FAB2289344B3007C6866 /* PhotoPickerModel.swift */ = {isa = PBXFileReference; lastKnownFileType = sourcecode.swift; path = PhotoPickerModel.swift; sourceTree = "<group>"; };
		66E5FAB4289344EB007C6866 /* PhotoPicker.swift */ = {isa = PBXFileReference; lastKnownFileType = sourcecode.swift; path = PhotoPicker.swift; sourceTree = "<group>"; };
		66E5FAB6289439CA007C6866 /* EntryListView.swift */ = {isa = PBXFileReference; lastKnownFileType = sourcecode.swift; path = EntryListView.swift; sourceTree = "<group>"; };
		66E5FAB828943F17007C6866 /* SingleEntryView.swift */ = {isa = PBXFileReference; lastKnownFileType = sourcecode.swift; path = SingleEntryView.swift; sourceTree = "<group>"; };
		66E5FABA28943F29007C6866 /* EntryRowView.swift */ = {isa = PBXFileReference; lastKnownFileType = sourcecode.swift; path = EntryRowView.swift; sourceTree = "<group>"; };
/* End PBXFileReference section */

/* Begin PBXFrameworksBuildPhase section */
		66E5FA8B2890A765007C6866 /* Frameworks */ = {
			isa = PBXFrameworksBuildPhase;
			buildActionMask = 2147483647;
			files = (
			);
			runOnlyForDeploymentPostprocessing = 0;
		};
/* End PBXFrameworksBuildPhase section */

/* Begin PBXGroup section */
		66E5FA852890A765007C6866 = {
			isa = PBXGroup;
			children = (
				66E5FA902890A765007C6866 /* photojournal */,
				66E5FA8F2890A765007C6866 /* Products */,
			);
			sourceTree = "<group>";
		};
		66E5FA8F2890A765007C6866 /* Products */ = {
			isa = PBXGroup;
			children = (
				66E5FA8E2890A765007C6866 /* photojournal.app */,
			);
			name = Products;
			sourceTree = "<group>";
		};
		66E5FA902890A765007C6866 /* photojournal */ = {
			isa = PBXGroup;
			children = (
				66E5FA912890A765007C6866 /* photojournalApp.swift */,
				66E5FAAA28932BD2007C6866 /* photojournalModels.xcdatamodeld */,
				66E5FA932890A765007C6866 /* ContentView.swift */,
				66E5FAB2289344B3007C6866 /* PhotoPickerModel.swift */,
				66E5FAB4289344EB007C6866 /* PhotoPicker.swift */,
				66E5FAB028933FA9007C6866 /* AddEntryView.swift */,
				66E5FAB6289439CA007C6866 /* EntryListView.swift */,
				66E5FAB828943F17007C6866 /* SingleEntryView.swift */,
				66E5FABA28943F29007C6866 /* EntryRowView.swift */,
				66E5FAAD2893361C007C6866 /* DataController.swift */,
				66E5FAAF28933EB1007C6866 /* Views */,
				66E5FA952890A766007C6866 /* Assets.xcassets */,
				66E5FA972890A766007C6866 /* Preview Content */,
			);
			path = photojournal;
			sourceTree = "<group>";
		};
		66E5FA972890A766007C6866 /* Preview Content */ = {
			isa = PBXGroup;
			children = (
				66E5FA982890A766007C6866 /* Preview Assets.xcassets */,
			);
			path = "Preview Content";
			sourceTree = "<group>";
		};
		66E5FAAF28933EB1007C6866 /* Views */ = {
			isa = PBXGroup;
			children = (
			);
			path = Views;
			sourceTree = "<group>";
		};
/* End PBXGroup section */

/* Begin PBXNativeTarget section */
		66E5FA8D2890A765007C6866 /* photojournal */ = {
			isa = PBXNativeTarget;
			buildConfigurationList = 66E5FA9C2890A766007C6866 /* Build configuration list for PBXNativeTarget "photojournal" */;
			buildPhases = (
				66E5FA8A2890A765007C6866 /* Sources */,
				66E5FA8B2890A765007C6866 /* Frameworks */,
				66E5FA8C2890A765007C6866 /* Resources */,
			);
			buildRules = (
			);
			dependencies = (
			);
			name = photojournal;
			productName = photojournal;
			productReference = 66E5FA8E2890A765007C6866 /* photojournal.app */;
			productType = "com.apple.product-type.application";
		};
/* End PBXNativeTarget section */

/* Begin PBXProject section */
		66E5FA862890A765007C6866 /* Project object */ = {
			isa = PBXProject;
			attributes = {
				BuildIndependentTargetsInParallel = 1;
				LastSwiftUpdateCheck = 1340;
				LastUpgradeCheck = 1340;
				TargetAttributes = {
					66E5FA8D2890A765007C6866 = {
						CreatedOnToolsVersion = 13.4.1;
					};
				};
			};
			buildConfigurationList = 66E5FA892890A765007C6866 /* Build configuration list for PBXProject "photojournal" */;
			compatibilityVersion = "Xcode 13.0";
			developmentRegion = en;
			hasScannedForEncodings = 0;
			knownRegions = (
				en,
				Base,
			);
			mainGroup = 66E5FA852890A765007C6866;
			productRefGroup = 66E5FA8F2890A765007C6866 /* Products */;
			projectDirPath = "";
			projectRoot = "";
			targets = (
				66E5FA8D2890A765007C6866 /* photojournal */,
			);
		};
/* End PBXProject section */

/* Begin PBXResourcesBuildPhase section */
		66E5FA8C2890A765007C6866 /* Resources */ = {
			isa = PBXResourcesBuildPhase;
			buildActionMask = 2147483647;
			files = (
				66E5FA992890A766007C6866 /* Preview Assets.xcassets in Resources */,
				66E5FA962890A766007C6866 /* Assets.xcassets in Resources */,
			);
			runOnlyForDeploymentPostprocessing = 0;
		};
/* End PBXResourcesBuildPhase section */

/* Begin PBXSourcesBuildPhase section */
		66E5FA8A2890A765007C6866 /* Sources */ = {
			isa = PBXSourcesBuildPhase;
			buildActionMask = 2147483647;
			files = (
				66E5FAB5289344EB007C6866 /* PhotoPicker.swift in Sources */,
				66E5FAB928943F17007C6866 /* SingleEntryView.swift in Sources */,
				66E5FAB3289344B3007C6866 /* PhotoPickerModel.swift in Sources */,
				66E5FAAC28932BD3007C6866 /* photojournalModels.xcdatamodeld in Sources */,
				66E5FAB128933FA9007C6866 /* AddEntryView.swift in Sources */,
				66E5FAAE2893361C007C6866 /* DataController.swift in Sources */,
				66E5FABB28943F29007C6866 /* EntryRowView.swift in Sources */,
				66E5FA942890A765007C6866 /* ContentView.swift in Sources */,
				66E5FA922890A765007C6866 /* photojournalApp.swift in Sources */,
				66E5FAB7289439CA007C6866 /* EntryListView.swift in Sources */,
			);
			runOnlyForDeploymentPostprocessing = 0;
		};
/* End PBXSourcesBuildPhase section */

/* Begin XCBuildConfiguration section */
		66E5FA9A2890A766007C6866 /* Debug */ = {
			isa = XCBuildConfiguration;
			buildSettings = {
				ALWAYS_SEARCH_USER_PATHS = NO;
				CLANG_ANALYZER_NONNULL = YES;
				CLANG_ANALYZER_NUMBER_OBJECT_CONVERSION = YES_AGGRESSIVE;
				CLANG_CXX_LANGUAGE_STANDARD = "gnu++17";
				CLANG_ENABLE_MODULES = YES;
				CLANG_ENABLE_OBJC_ARC = YES;
				CLANG_ENABLE_OBJC_WEAK = YES;
				CLANG_WARN_BLOCK_CAPTURE_AUTORELEASING = YES;
				CLANG_WARN_BOOL_CONVERSION = YES;
				CLANG_WARN_COMMA = YES;
				CLANG_WARN_CONSTANT_CONVERSION = YES;
				CLANG_WARN_DEPRECATED_OBJC_IMPLEMENTATIONS = YES;
				CLANG_WARN_DIRECT_OBJC_ISA_USAGE = YES_ERROR;
				CLANG_WARN_DOCUMENTATION_COMMENTS = YES;
				CLANG_WARN_EMPTY_BODY = YES;
				CLANG_WARN_ENUM_CONVERSION = YES;
				CLANG_WARN_INFINITE_RECURSION = YES;
				CLANG_WARN_INT_CONVERSION = YES;
				CLANG_WARN_NON_LITERAL_NULL_CONVERSION = YES;
				CLANG_WARN_OBJC_IMPLICIT_RETAIN_SELF = YES;
				CLANG_WARN_OBJC_LITERAL_CONVERSION = YES;
				CLANG_WARN_OBJC_ROOT_CLASS = YES_ERROR;
				CLANG_WARN_QUOTED_INCLUDE_IN_FRAMEWORK_HEADER = YES;
				CLANG_WARN_RANGE_LOOP_ANALYSIS = YES;
				CLANG_WARN_STRICT_PROTOTYPES = YES;
				CLANG_WARN_SUSPICIOUS_MOVE = YES;
				CLANG_WARN_UNGUARDED_AVAILABILITY = YES_AGGRESSIVE;
				CLANG_WARN_UNREACHABLE_CODE = YES;
				CLANG_WARN__DUPLICATE_METHOD_MATCH = YES;
				COPY_PHASE_STRIP = NO;
				DEBUG_INFORMATION_FORMAT = dwarf;
				ENABLE_STRICT_OBJC_MSGSEND = YES;
				ENABLE_TESTABILITY = YES;
				GCC_C_LANGUAGE_STANDARD = gnu11;
				GCC_DYNAMIC_NO_PIC = NO;
				GCC_NO_COMMON_BLOCKS = YES;
				GCC_OPTIMIZATION_LEVEL = 0;
				GCC_PREPROCESSOR_DEFINITIONS = (
					"DEBUG=1",
					"$(inherited)",
				);
				GCC_WARN_64_TO_32_BIT_CONVERSION = YES;
				GCC_WARN_ABOUT_RETURN_TYPE = YES_ERROR;
				GCC_WARN_UNDECLARED_SELECTOR = YES;
				GCC_WARN_UNINITIALIZED_AUTOS = YES_AGGRESSIVE;
				GCC_WARN_UNUSED_FUNCTION = YES;
				GCC_WARN_UNUSED_VARIABLE = YES;
				IPHONEOS_DEPLOYMENT_TARGET = 15.5;
				MTL_ENABLE_DEBUG_INFO = INCLUDE_SOURCE;
				MTL_FAST_MATH = YES;
				ONLY_ACTIVE_ARCH = YES;
				SDKROOT = iphoneos;
				SWIFT_ACTIVE_COMPILATION_CONDITIONS = DEBUG;
				SWIFT_OPTIMIZATION_LEVEL = "-Onone";
			};
			name = Debug;
		};
		66E5FA9B2890A766007C6866 /* Release */ = {
			isa = XCBuildConfiguration;
			buildSettings = {
				ALWAYS_SEARCH_USER_PATHS = NO;
				CLANG_ANALYZER_NONNULL = YES;
				CLANG_ANALYZER_NUMBER_OBJECT_CONVERSION = YES_AGGRESSIVE;
				CLANG_CXX_LANGUAGE_STANDARD = "gnu++17";
				CLANG_ENABLE_MODULES = YES;
				CLANG_ENABLE_OBJC_ARC = YES;
				CLANG_ENABLE_OBJC_WEAK = YES;
				CLANG_WARN_BLOCK_CAPTURE_AUTORELEASING = YES;
				CLANG_WARN_BOOL_CONVERSION = YES;
				CLANG_WARN_COMMA = YES;
				CLANG_WARN_CONSTANT_CONVERSION = YES;
				CLANG_WARN_DEPRECATED_OBJC_IMPLEMENTATIONS = YES;
				CLANG_WARN_DIRECT_OBJC_ISA_USAGE = YES_ERROR;
				CLANG_WARN_DOCUMENTATION_COMMENTS = YES;
				CLANG_WARN_EMPTY_BODY = YES;
				CLANG_WARN_ENUM_CONVERSION = YES;
				CLANG_WARN_INFINITE_RECURSION = YES;
				CLANG_WARN_INT_CONVERSION = YES;
				CLANG_WARN_NON_LITERAL_NULL_CONVERSION = YES;
				CLANG_WARN_OBJC_IMPLICIT_RETAIN_SELF = YES;
				CLANG_WARN_OBJC_LITERAL_CONVERSION = YES;
				CLANG_WARN_OBJC_ROOT_CLASS = YES_ERROR;
				CLANG_WARN_QUOTED_INCLUDE_IN_FRAMEWORK_HEADER = YES;
				CLANG_WARN_RANGE_LOOP_ANALYSIS = YES;
				CLANG_WARN_STRICT_PROTOTYPES = YES;
				CLANG_WARN_SUSPICIOUS_MOVE = YES;
				CLANG_WARN_UNGUARDED_AVAILABILITY = YES_AGGRESSIVE;
				CLANG_WARN_UNREACHABLE_CODE = YES;
				CLANG_WARN__DUPLICATE_METHOD_MATCH = YES;
				COPY_PHASE_STRIP = NO;
				DEBUG_INFORMATION_FORMAT = "dwarf-with-dsym";
				ENABLE_NS_ASSERTIONS = NO;
				ENABLE_STRICT_OBJC_MSGSEND = YES;
				GCC_C_LANGUAGE_STANDARD = gnu11;
				GCC_NO_COMMON_BLOCKS = YES;
				GCC_WARN_64_TO_32_BIT_CONVERSION = YES;
				GCC_WARN_ABOUT_RETURN_TYPE = YES_ERROR;
				GCC_WARN_UNDECLARED_SELECTOR = YES;
				GCC_WARN_UNINITIALIZED_AUTOS = YES_AGGRESSIVE;
				GCC_WARN_UNUSED_FUNCTION = YES;
				GCC_WARN_UNUSED_VARIABLE = YES;
				IPHONEOS_DEPLOYMENT_TARGET = 15.5;
				MTL_ENABLE_DEBUG_INFO = NO;
				MTL_FAST_MATH = YES;
				SDKROOT = iphoneos;
				SWIFT_COMPILATION_MODE = wholemodule;
				SWIFT_OPTIMIZATION_LEVEL = "-O";
				VALIDATE_PRODUCT = YES;
			};
			name = Release;
		};
		66E5FA9D2890A766007C6866 /* Debug */ = {
			isa = XCBuildConfiguration;
			buildSettings = {
				ASSETCATALOG_COMPILER_APPICON_NAME = AppIcon;
				ASSETCATALOG_COMPILER_GLOBAL_ACCENT_COLOR_NAME = AccentColor;
				CODE_SIGN_STYLE = Automatic;
				CURRENT_PROJECT_VERSION = 1;
				DEVELOPMENT_ASSET_PATHS = "\"photojournal/Preview Content\"";
				DEVELOPMENT_TEAM = UJ2HZQBMCN;
				ENABLE_PREVIEWS = YES;
				GENERATE_INFOPLIST_FILE = YES;
				INFOPLIST_KEY_UIApplicationSceneManifest_Generation = YES;
				INFOPLIST_KEY_UIApplicationSupportsIndirectInputEvents = YES;
				INFOPLIST_KEY_UILaunchScreen_Generation = YES;
				INFOPLIST_KEY_UISupportedInterfaceOrientations_iPad = "UIInterfaceOrientationPortrait UIInterfaceOrientationPortraitUpsideDown UIInterfaceOrientationLandscapeLeft UIInterfaceOrientationLandscapeRight";
				INFOPLIST_KEY_UISupportedInterfaceOrientations_iPhone = "UIInterfaceOrientationPortrait UIInterfaceOrientationLandscapeLeft UIInterfaceOrientationLandscapeRight";
				LD_RUNPATH_SEARCH_PATHS = (
					"$(inherited)",
					"@executable_path/Frameworks",
				);
				MARKETING_VERSION = 1.0;
				PRODUCT_BUNDLE_IDENTIFIER = com.megankorling.photojournal;
				PRODUCT_NAME = "$(TARGET_NAME)";
				SWIFT_EMIT_LOC_STRINGS = YES;
				SWIFT_VERSION = 5.0;
				TARGETED_DEVICE_FAMILY = "1,2";
			};
			name = Debug;
		};
		66E5FA9E2890A766007C6866 /* Release */ = {
			isa = XCBuildConfiguration;
			buildSettings = {
				ASSETCATALOG_COMPILER_APPICON_NAME = AppIcon;
				ASSETCATALOG_COMPILER_GLOBAL_ACCENT_COLOR_NAME = AccentColor;
				CODE_SIGN_STYLE = Automatic;
				CURRENT_PROJECT_VERSION = 1;
				DEVELOPMENT_ASSET_PATHS = "\"photojournal/Preview Content\"";
				DEVELOPMENT_TEAM = UJ2HZQBMCN;
				ENABLE_PREVIEWS = YES;
				GENERATE_INFOPLIST_FILE = YES;
				INFOPLIST_KEY_UIApplicationSceneManifest_Generation = YES;
				INFOPLIST_KEY_UIApplicationSupportsIndirectInputEvents = YES;
				INFOPLIST_KEY_UILaunchScreen_Generation = YES;
				INFOPLIST_KEY_UISupportedInterfaceOrientations_iPad = "UIInterfaceOrientationPortrait UIInterfaceOrientationPortraitUpsideDown UIInterfaceOrientationLandscapeLeft UIInterfaceOrientationLandscapeRight";
				INFOPLIST_KEY_UISupportedInterfaceOrientations_iPhone = "UIInterfaceOrientationPortrait UIInterfaceOrientationLandscapeLeft UIInterfaceOrientationLandscapeRight";
				LD_RUNPATH_SEARCH_PATHS = (
					"$(inherited)",
					"@executable_path/Frameworks",
				);
				MARKETING_VERSION = 1.0;
				PRODUCT_BUNDLE_IDENTIFIER = com.megankorling.photojournal;
				PRODUCT_NAME = "$(TARGET_NAME)";
				SWIFT_EMIT_LOC_STRINGS = YES;
				SWIFT_VERSION = 5.0;
				TARGETED_DEVICE_FAMILY = "1,2";
			};
			name = Release;
		};
/* End XCBuildConfiguration section */

/* Begin XCConfigurationList section */
		66E5FA892890A765007C6866 /* Build configuration list for PBXProject "photojournal" */ = {
			isa = XCConfigurationList;
			buildConfigurations = (
				66E5FA9A2890A766007C6866 /* Debug */,
				66E5FA9B2890A766007C6866 /* Release */,
			);
			defaultConfigurationIsVisible = 0;
			defaultConfigurationName = Release;
		};
		66E5FA9C2890A766007C6866 /* Build configuration list for PBXNativeTarget "photojournal" */ = {
			isa = XCConfigurationList;
			buildConfigurations = (
				66E5FA9D2890A766007C6866 /* Debug */,
				66E5FA9E2890A766007C6866 /* Release */,
			);
			defaultConfigurationIsVisible = 0;
			defaultConfigurationName = Release;
		};
/* End XCConfigurationList section */

/* Begin XCVersionGroup section */
		66E5FAAA28932BD2007C6866 /* photojournalModels.xcdatamodeld */ = {
			isa = XCVersionGroup;
			children = (
				66E5FAAB28932BD3007C6866 /* photojournalModels.xcdatamodel */,
			);
			currentVersion = 66E5FAAB28932BD3007C6866 /* photojournalModels.xcdatamodel */;
			path = photojournalModels.xcdatamodeld;
			sourceTree = "<group>";
			versionGroupType = wrapper.xcdatamodel;
		};
/* End XCVersionGroup section */
	};
	rootObject = 66E5FA862890A765007C6866 /* Project object */;
}
